// !$*UTF8*$!
{
	archiveVersion = 1;
	classes = {
	};
	objectVersion = 50;
	objects = {

/* Begin PBXBuildFile section */
		640277A22146A2A0008313BD /* AppDelegate.swift in Sources */ = {isa = PBXBuildFile; fileRef = 640277A12146A2A0008313BD /* AppDelegate.swift */; };
		640277A92146A2A1008313BD /* Assets.xcassets in Resources */ = {isa = PBXBuildFile; fileRef = 640277A82146A2A1008313BD /* Assets.xcassets */; };
		640277C22146A2A2008313BD /* KatasFizzBuzzUITests.swift in Sources */ = {isa = PBXBuildFile; fileRef = 640277C12146A2A2008313BD /* KatasFizzBuzzUITests.swift */; };
		640277D02146A2F9008313BD /* FizzBuzzTests.swift in Sources */ = {isa = PBXBuildFile; fileRef = 640277CF2146A2F9008313BD /* FizzBuzzTests.swift */; };
		640277D22146A631008313BD /* FizzBuzz.swift in Sources */ = {isa = PBXBuildFile; fileRef = 640277D12146A631008313BD /* FizzBuzz.swift */; };
/* End PBXBuildFile section */

/* Begin PBXContainerItemProxy section */
		640277B32146A2A2008313BD /* PBXContainerItemProxy */ = {
			isa = PBXContainerItemProxy;
			containerPortal = 640277962146A29F008313BD /* Project object */;
			proxyType = 1;
			remoteGlobalIDString = 6402779D2146A2A0008313BD;
			remoteInfo = KatasFizzBuzz;
		};
		640277BE2146A2A2008313BD /* PBXContainerItemProxy */ = {
			isa = PBXContainerItemProxy;
			containerPortal = 640277962146A29F008313BD /* Project object */;
			proxyType = 1;
			remoteGlobalIDString = 6402779D2146A2A0008313BD;
			remoteInfo = KatasFizzBuzz;
		};
/* End PBXContainerItemProxy section */

/* Begin PBXFileReference section */
		6402779E2146A2A0008313BD /* KatasFizzBuzz.app */ = {isa = PBXFileReference; explicitFileType = wrapper.application; includeInIndex = 0; path = KatasFizzBuzz.app; sourceTree = BUILT_PRODUCTS_DIR; };
		640277A12146A2A0008313BD /* AppDelegate.swift */ = {isa = PBXFileReference; lastKnownFileType = sourcecode.swift; path = AppDelegate.swift; sourceTree = "<group>"; };
		640277A82146A2A1008313BD /* Assets.xcassets */ = {isa = PBXFileReference; lastKnownFileType = folder.assetcatalog; path = Assets.xcassets; sourceTree = "<group>"; };
		640277AD2146A2A1008313BD /* Info.plist */ = {isa = PBXFileReference; lastKnownFileType = text.plist.xml; path = Info.plist; sourceTree = "<group>"; };
		640277B22146A2A2008313BD /* KatasFizzBuzzTests.xctest */ = {isa = PBXFileReference; explicitFileType = wrapper.cfbundle; includeInIndex = 0; path = KatasFizzBuzzTests.xctest; sourceTree = BUILT_PRODUCTS_DIR; };
		640277B82146A2A2008313BD /* Info.plist */ = {isa = PBXFileReference; lastKnownFileType = text.plist.xml; path = Info.plist; sourceTree = "<group>"; };
		640277BD2146A2A2008313BD /* KatasFizzBuzzUITests.xctest */ = {isa = PBXFileReference; explicitFileType = wrapper.cfbundle; includeInIndex = 0; path = KatasFizzBuzzUITests.xctest; sourceTree = BUILT_PRODUCTS_DIR; };
		640277C12146A2A2008313BD /* KatasFizzBuzzUITests.swift */ = {isa = PBXFileReference; lastKnownFileType = sourcecode.swift; path = KatasFizzBuzzUITests.swift; sourceTree = "<group>"; };
		640277C32146A2A2008313BD /* Info.plist */ = {isa = PBXFileReference; lastKnownFileType = text.plist.xml; path = Info.plist; sourceTree = "<group>"; };
		640277CF2146A2F9008313BD /* FizzBuzzTests.swift */ = {isa = PBXFileReference; lastKnownFileType = sourcecode.swift; path = FizzBuzzTests.swift; sourceTree = "<group>"; };
		640277D12146A631008313BD /* FizzBuzz.swift */ = {isa = PBXFileReference; lastKnownFileType = sourcecode.swift; path = FizzBuzz.swift; sourceTree = "<group>"; };
/* End PBXFileReference section */

/* Begin PBXFrameworksBuildPhase section */
		6402779B2146A2A0008313BD /* Frameworks */ = {
			isa = PBXFrameworksBuildPhase;
			buildActionMask = 2147483647;
			files = (
			);
			runOnlyForDeploymentPostprocessing = 0;
		};
		640277AF2146A2A2008313BD /* Frameworks */ = {
			isa = PBXFrameworksBuildPhase;
			buildActionMask = 2147483647;
			files = (
			);
			runOnlyForDeploymentPostprocessing = 0;
		};
		640277BA2146A2A2008313BD /* Frameworks */ = {
			isa = PBXFrameworksBuildPhase;
			buildActionMask = 2147483647;
			files = (
			);
			runOnlyForDeploymentPostprocessing = 0;
		};
/* End PBXFrameworksBuildPhase section */

/* Begin PBXGroup section */
		640277952146A29F008313BD = {
			isa = PBXGroup;
			children = (
				640277A02146A2A0008313BD /* KatasFizzBuzz */,
				640277B52146A2A2008313BD /* KatasFizzBuzzTests */,
				640277C02146A2A2008313BD /* KatasFizzBuzzUITests */,
				6402779F2146A2A0008313BD /* Products */,
			);
			sourceTree = "<group>";
		};
		6402779F2146A2A0008313BD /* Products */ = {
			isa = PBXGroup;
			children = (
				6402779E2146A2A0008313BD /* KatasFizzBuzz.app */,
				640277B22146A2A2008313BD /* KatasFizzBuzzTests.xctest */,
				640277BD2146A2A2008313BD /* KatasFizzBuzzUITests.xctest */,
			);
			name = Products;
			sourceTree = "<group>";
		};
		640277A02146A2A0008313BD /* KatasFizzBuzz */ = {
			isa = PBXGroup;
			children = (
				640277A12146A2A0008313BD /* AppDelegate.swift */,
				640277A82146A2A1008313BD /* Assets.xcassets */,
				640277AD2146A2A1008313BD /* Info.plist */,
				640277D12146A631008313BD /* FizzBuzz.swift */,
			);
			path = KatasFizzBuzz;
			sourceTree = "<group>";
		};
		640277B52146A2A2008313BD /* KatasFizzBuzzTests */ = {
			isa = PBXGroup;
			children = (
				640277B82146A2A2008313BD /* Info.plist */,
				640277CF2146A2F9008313BD /* FizzBuzzTests.swift */,
			);
			path = KatasFizzBuzzTests;
			sourceTree = "<group>";
		};
		640277C02146A2A2008313BD /* KatasFizzBuzzUITests */ = {
			isa = PBXGroup;
			children = (
				640277C12146A2A2008313BD /* KatasFizzBuzzUITests.swift */,
				640277C32146A2A2008313BD /* Info.plist */,
			);
			path = KatasFizzBuzzUITests;
			sourceTree = "<group>";
		};
/* End PBXGroup section */

/* Begin PBXNativeTarget section */
		6402779D2146A2A0008313BD /* KatasFizzBuzz */ = {
			isa = PBXNativeTarget;
			buildConfigurationList = 640277C62146A2A2008313BD /* Build configuration list for PBXNativeTarget "KatasFizzBuzz" */;
			buildPhases = (
				6402779A2146A2A0008313BD /* Sources */,
				6402779B2146A2A0008313BD /* Frameworks */,
				6402779C2146A2A0008313BD /* Resources */,
			);
			buildRules = (
			);
			dependencies = (
			);
			name = KatasFizzBuzz;
			productName = KatasFizzBuzz;
			productReference = 6402779E2146A2A0008313BD /* KatasFizzBuzz.app */;
			productType = "com.apple.product-type.application";
		};
		640277B12146A2A2008313BD /* KatasFizzBuzzTests */ = {
			isa = PBXNativeTarget;
			buildConfigurationList = 640277C92146A2A2008313BD /* Build configuration list for PBXNativeTarget "KatasFizzBuzzTests" */;
			buildPhases = (
				640277AE2146A2A2008313BD /* Sources */,
				640277AF2146A2A2008313BD /* Frameworks */,
				640277B02146A2A2008313BD /* Resources */,
			);
			buildRules = (
			);
			dependencies = (
				640277B42146A2A2008313BD /* PBXTargetDependency */,
			);
			name = KatasFizzBuzzTests;
			productName = KatasFizzBuzzTests;
			productReference = 640277B22146A2A2008313BD /* KatasFizzBuzzTests.xctest */;
			productType = "com.apple.product-type.bundle.unit-test";
		};
		640277BC2146A2A2008313BD /* KatasFizzBuzzUITests */ = {
			isa = PBXNativeTarget;
			buildConfigurationList = 640277CC2146A2A2008313BD /* Build configuration list for PBXNativeTarget "KatasFizzBuzzUITests" */;
			buildPhases = (
				640277B92146A2A2008313BD /* Sources */,
				640277BA2146A2A2008313BD /* Frameworks */,
				640277BB2146A2A2008313BD /* Resources */,
			);
			buildRules = (
			);
			dependencies = (
				640277BF2146A2A2008313BD /* PBXTargetDependency */,
			);
			name = KatasFizzBuzzUITests;
			productName = KatasFizzBuzzUITests;
			productReference = 640277BD2146A2A2008313BD /* KatasFizzBuzzUITests.xctest */;
			productType = "com.apple.product-type.bundle.ui-testing";
		};
/* End PBXNativeTarget section */

/* Begin PBXProject section */
		640277962146A29F008313BD /* Project object */ = {
			isa = PBXProject;
			attributes = {
				LastSwiftUpdateCheck = 1000;
				LastUpgradeCheck = 1000;
				ORGANIZATIONNAME = "Achraf TRABELSI";
				TargetAttributes = {
					6402779D2146A2A0008313BD = {
						CreatedOnToolsVersion = 10.0;
					};
					640277B12146A2A2008313BD = {
						CreatedOnToolsVersion = 10.0;
						TestTargetID = 6402779D2146A2A0008313BD;
					};
					640277BC2146A2A2008313BD = {
						CreatedOnToolsVersion = 10.0;
						TestTargetID = 6402779D2146A2A0008313BD;
					};
				};
			};
			buildConfigurationList = 640277992146A29F008313BD /* Build configuration list for PBXProject "KatasFizzBuzz" */;
			compatibilityVersion = "Xcode 9.3";
			developmentRegion = en;
			hasScannedForEncodings = 0;
			knownRegions = (
				en,
				Base,
			);
			mainGroup = 640277952146A29F008313BD;
			productRefGroup = 6402779F2146A2A0008313BD /* Products */;
			projectDirPath = "";
			projectRoot = "";
			targets = (
				6402779D2146A2A0008313BD /* KatasFizzBuzz */,
				640277B12146A2A2008313BD /* KatasFizzBuzzTests */,
				640277BC2146A2A2008313BD /* KatasFizzBuzzUITests */,
			);
		};
/* End PBXProject section */

/* Begin PBXResourcesBuildPhase section */
		6402779C2146A2A0008313BD /* Resources */ = {
			isa = PBXResourcesBuildPhase;
			buildActionMask = 2147483647;
			files = (
				640277A92146A2A1008313BD /* Assets.xcassets in Resources */,
			);
			runOnlyForDeploymentPostprocessing = 0;
		};
		640277B02146A2A2008313BD /* Resources */ = {
			isa = PBXResourcesBuildPhase;
			buildActionMask = 2147483647;
			files = (
			);
			runOnlyForDeploymentPostprocessing = 0;
		};
		640277BB2146A2A2008313BD /* Resources */ = {
			isa = PBXResourcesBuildPhase;
			buildActionMask = 2147483647;
			files = (
			);
			runOnlyForDeploymentPostprocessing = 0;
		};
/* End PBXResourcesBuildPhase section */

/* Begin PBXSourcesBuildPhase section */
		6402779A2146A2A0008313BD /* Sources */ = {
			isa = PBXSourcesBuildPhase;
			buildActionMask = 2147483647;
			files = (
				640277A22146A2A0008313BD /* AppDelegate.swift in Sources */,
				640277D22146A631008313BD /* FizzBuzz.swift in Sources */,
			);
			runOnlyForDeploymentPostprocessing = 0;
		};
		640277AE2146A2A2008313BD /* Sources */ = {
			isa = PBXSourcesBuildPhase;
			buildActionMask = 2147483647;
			files = (
				640277D02146A2F9008313BD /* FizzBuzzTests.swift in Sources */,
			);
			runOnlyForDeploymentPostprocessing = 0;
		};
		640277B92146A2A2008313BD /* Sources */ = {
			isa = PBXSourcesBuildPhase;
			buildActionMask = 2147483647;
			files = (
				640277C22146A2A2008313BD /* KatasFizzBuzzUITests.swift in Sources */,
			);
			runOnlyForDeploymentPostprocessing = 0;
		};
/* End PBXSourcesBuildPhase section */

/* Begin PBXTargetDependency section */
		640277B42146A2A2008313BD /* PBXTargetDependency */ = {
			isa = PBXTargetDependency;
			target = 6402779D2146A2A0008313BD /* KatasFizzBuzz */;
			targetProxy = 640277B32146A2A2008313BD /* PBXContainerItemProxy */;
		};
		640277BF2146A2A2008313BD /* PBXTargetDependency */ = {
			isa = PBXTargetDependency;
			target = 6402779D2146A2A0008313BD /* KatasFizzBuzz */;
			targetProxy = 640277BE2146A2A2008313BD /* PBXContainerItemProxy */;
		};
/* End PBXTargetDependency section */

/* Begin XCBuildConfiguration section */
		640277C42146A2A2008313BD /* Debug */ = {
			isa = XCBuildConfiguration;
			buildSettings = {
				ALWAYS_SEARCH_USER_PATHS = NO;
				CLANG_ANALYZER_NONNULL = YES;
				CLANG_ANALYZER_NUMBER_OBJECT_CONVERSION = YES_AGGRESSIVE;
				CLANG_CXX_LANGUAGE_STANDARD = "gnu++14";
				CLANG_CXX_LIBRARY = "libc++";
				CLANG_ENABLE_MODULES = YES;
				CLANG_ENABLE_OBJC_ARC = YES;
				CLANG_ENABLE_OBJC_WEAK = YES;
				CLANG_WARN_BLOCK_CAPTURE_AUTORELEASING = YES;
				CLANG_WARN_BOOL_CONVERSION = YES;
				CLANG_WARN_COMMA = YES;
				CLANG_WARN_CONSTANT_CONVERSION = YES;
				CLANG_WARN_DEPRECATED_OBJC_IMPLEMENTATIONS = YES;
				CLANG_WARN_DIRECT_OBJC_ISA_USAGE = YES_ERROR;
				CLANG_WARN_DOCUMENTATION_COMMENTS = YES;
				CLANG_WARN_EMPTY_BODY = YES;
				CLANG_WARN_ENUM_CONVERSION = YES;
				CLANG_WARN_INFINITE_RECURSION = YES;
				CLANG_WARN_INT_CONVERSION = YES;
				CLANG_WARN_NON_LITERAL_NULL_CONVERSION = YES;
				CLANG_WARN_OBJC_IMPLICIT_RETAIN_SELF = YES;
				CLANG_WARN_OBJC_LITERAL_CONVERSION = YES;
				CLANG_WARN_OBJC_ROOT_CLASS = YES_ERROR;
				CLANG_WARN_RANGE_LOOP_ANALYSIS = YES;
				CLANG_WARN_STRICT_PROTOTYPES = YES;
				CLANG_WARN_SUSPICIOUS_MOVE = YES;
				CLANG_WARN_UNGUARDED_AVAILABILITY = YES_AGGRESSIVE;
				CLANG_WARN_UNREACHABLE_CODE = YES;
				CLANG_WARN__DUPLICATE_METHOD_MATCH = YES;
				CODE_SIGN_IDENTITY = "iPhone Developer";
				COPY_PHASE_STRIP = NO;
				DEBUG_INFORMATION_FORMAT = dwarf;
				ENABLE_STRICT_OBJC_MSGSEND = YES;
				ENABLE_TESTABILITY = YES;
				GCC_C_LANGUAGE_STANDARD = gnu11;
				GCC_DYNAMIC_NO_PIC = NO;
				GCC_NO_COMMON_BLOCKS = YES;
				GCC_OPTIMIZATION_LEVEL = 0;
				GCC_PREPROCESSOR_DEFINITIONS = (
					"DEBUG=1",
					"$(inherited)",
				);
				GCC_WARN_64_TO_32_BIT_CONVERSION = YES;
				GCC_WARN_ABOUT_RETURN_TYPE = YES_ERROR;
				GCC_WARN_UNDECLARED_SELECTOR = YES;
				GCC_WARN_UNINITIALIZED_AUTOS = YES_AGGRESSIVE;
				GCC_WARN_UNUSED_FUNCTION = YES;
				GCC_WARN_UNUSED_VARIABLE = YES;
				IPHONEOS_DEPLOYMENT_TARGET = 12.0;
				MTL_ENABLE_DEBUG_INFO = INCLUDE_SOURCE;
				MTL_FAST_MATH = YES;
				ONLY_ACTIVE_ARCH = YES;
				SDKROOT = iphoneos;
				SWIFT_ACTIVE_COMPILATION_CONDITIONS = DEBUG;
				SWIFT_OPTIMIZATION_LEVEL = "-Onone";
			};
			name = Debug;
		};
		640277C52146A2A2008313BD /* Release */ = {
			isa = XCBuildConfiguration;
			buildSettings = {
				ALWAYS_SEARCH_USER_PATHS = NO;
				CLANG_ANALYZER_NONNULL = YES;
				CLANG_ANALYZER_NUMBER_OBJECT_CONVERSION = YES_AGGRESSIVE;
				CLANG_CXX_LANGUAGE_STANDARD = "gnu++14";
				CLANG_CXX_LIBRARY = "libc++";
				CLANG_ENABLE_MODULES = YES;
				CLANG_ENABLE_OBJC_ARC = YES;
				CLANG_ENABLE_OBJC_WEAK = YES;
				CLANG_WARN_BLOCK_CAPTURE_AUTORELEASING = YES;
				CLANG_WARN_BOOL_CONVERSION = YES;
				CLANG_WARN_COMMA = YES;
				CLANG_WARN_CONSTANT_CONVERSION = YES;
				CLANG_WARN_DEPRECATED_OBJC_IMPLEMENTATIONS = YES;
				CLANG_WARN_DIRECT_OBJC_ISA_USAGE = YES_ERROR;
				CLANG_WARN_DOCUMENTATION_COMMENTS = YES;
				CLANG_WARN_EMPTY_BODY = YES;
				CLANG_WARN_ENUM_CONVERSION = YES;
				CLANG_WARN_INFINITE_RECURSION = YES;
				CLANG_WARN_INT_CONVERSION = YES;
				CLANG_WARN_NON_LITERAL_NULL_CONVERSION = YES;
				CLANG_WARN_OBJC_IMPLICIT_RETAIN_SELF = YES;
				CLANG_WARN_OBJC_LITERAL_CONVERSION = YES;
				CLANG_WARN_OBJC_ROOT_CLASS = YES_ERROR;
				CLANG_WARN_RANGE_LOOP_ANALYSIS = YES;
				CLANG_WARN_STRICT_PROTOTYPES = YES;
				CLANG_WARN_SUSPICIOUS_MOVE = YES;
				CLANG_WARN_UNGUARDED_AVAILABILITY = YES_AGGRESSIVE;
				CLANG_WARN_UNREACHABLE_CODE = YES;
				CLANG_WARN__DUPLICATE_METHOD_MATCH = YES;
				CODE_SIGN_IDENTITY = "iPhone Developer";
				COPY_PHASE_STRIP = NO;
				DEBUG_INFORMATION_FORMAT = "dwarf-with-dsym";
				ENABLE_NS_ASSERTIONS = NO;
				ENABLE_STRICT_OBJC_MSGSEND = YES;
				GCC_C_LANGUAGE_STANDARD = gnu11;
				GCC_NO_COMMON_BLOCKS = YES;
				GCC_WARN_64_TO_32_BIT_CONVERSION = YES;
				GCC_WARN_ABOUT_RETURN_TYPE = YES_ERROR;
				GCC_WARN_UNDECLARED_SELECTOR = YES;
				GCC_WARN_UNINITIALIZED_AUTOS = YES_AGGRESSIVE;
				GCC_WARN_UNUSED_FUNCTION = YES;
				GCC_WARN_UNUSED_VARIABLE = YES;
				IPHONEOS_DEPLOYMENT_TARGET = 12.0;
				MTL_ENABLE_DEBUG_INFO = NO;
				MTL_FAST_MATH = YES;
				SDKROOT = iphoneos;
				SWIFT_COMPILATION_MODE = wholemodule;
				SWIFT_OPTIMIZATION_LEVEL = "-O";
				VALIDATE_PRODUCT = YES;
			};
			name = Release;
		};
		640277C72146A2A2008313BD /* Debug */ = {
			isa = XCBuildConfiguration;
			buildSettings = {
				ASSETCATALOG_COMPILER_APPICON_NAME = AppIcon;
				CODE_SIGN_STYLE = Automatic;
				DEVELOPMENT_TEAM = QN66UQNDZR;
				INFOPLIST_FILE = KatasFizzBuzz/Info.plist;
				LD_RUNPATH_SEARCH_PATHS = (
					"$(inherited)",
					"@executable_path/Frameworks",
				);
				PRODUCT_BUNDLE_IDENTIFIER = com.olbati.KatasFizzBuzz;
				PRODUCT_NAME = "$(TARGET_NAME)";
				SWIFT_VERSION = 4.2;
				TARGETED_DEVICE_FAMILY = "1,2";
			};
			name = Debug;
		};
		640277C82146A2A2008313BD /* Release */ = {
			isa = XCBuildConfiguration;
			buildSettings = {
				ASSETCATALOG_COMPILER_APPICON_NAME = AppIcon;
				CODE_SIGN_STYLE = Automatic;
				DEVELOPMENT_TEAM = QN66UQNDZR;
				INFOPLIST_FILE = KatasFizzBuzz/Info.plist;
				LD_RUNPATH_SEARCH_PATHS = (
					"$(inherited)",
					"@executable_path/Frameworks",
				);
				PRODUCT_BUNDLE_IDENTIFIER = com.olbati.KatasFizzBuzz;
				PRODUCT_NAME = "$(TARGET_NAME)";
				SWIFT_VERSION = 4.2;
				TARGETED_DEVICE_FAMILY = "1,2";
			};
			name = Release;
		};
		640277CA2146A2A2008313BD /* Debug */ = {
			isa = XCBuildConfiguration;
			buildSettings = {
				ALWAYS_EMBED_SWIFT_STANDARD_LIBRARIES = YES;
				BUNDLE_LOADER = "$(TEST_HOST)";
				CODE_SIGN_STYLE = Automatic;
				INFOPLIST_FILE = KatasFizzBuzzTests/Info.plist;
				LD_RUNPATH_SEARCH_PATHS = (
					"$(inherited)",
					"@executable_path/Frameworks",
					"@loader_path/Frameworks",
				);
				PRODUCT_BUNDLE_IDENTIFIER = com.olbati.KatasFizzBuzzTests;
				PRODUCT_NAME = "$(TARGET_NAME)";
				SWIFT_VERSION = 4.2;
				TARGETED_DEVICE_FAMILY = "1,2";
				TEST_HOST = "$(BUILT_PRODUCTS_DIR)/KatasFizzBuzz.app/KatasFizzBuzz";
			};
			name = Debug;
		};
		640277CB2146A2A2008313BD /* Release */ = {
			isa = XCBuildConfiguration;
			buildSettings = {
				ALWAYS_EMBED_SWIFT_STANDARD_LIBRARIES = YES;
				BUNDLE_LOADER = "$(TEST_HOST)";
				CODE_SIGN_STYLE = Automatic;
				INFOPLIST_FILE = KatasFizzBuzzTests/Info.plist;
				LD_RUNPATH_SEARCH_PATHS = (
					"$(inherited)",
					"@executable_path/Frameworks",
					"@loader_path/Frameworks",
				);
				PRODUCT_BUNDLE_IDENTIFIER = com.olbati.KatasFizzBuzzTests;
				PRODUCT_NAME = "$(TARGET_NAME)";
				SWIFT_VERSION = 4.2;
				TARGETED_DEVICE_FAMILY = "1,2";
				TEST_HOST = "$(BUILT_PRODUCTS_DIR)/KatasFizzBuzz.app/KatasFizzBuzz";
			};
			name = Release;
		};
		640277CD2146A2A2008313BD /* Debug */ = {
			isa = XCBuildConfiguration;
			buildSettings = {
				ALWAYS_EMBED_SWIFT_STANDARD_LIBRARIES = YES;
				CODE_SIGN_STYLE = Automatic;
				INFOPLIST_FILE = KatasFizzBuzzUITests/Info.plist;
				LD_RUNPATH_SEARCH_PATHS = (
					"$(inherited)",
					"@executable_path/Frameworks",
					"@loader_path/Frameworks",
				);
				PRODUCT_BUNDLE_IDENTIFIER = com.olbati.KatasFizzBuzzUITests;
				PRODUCT_NAME = "$(TARGET_NAME)";
				SWIFT_VERSION = 4.2;
				TARGETED_DEVICE_FAMILY = "1,2";
				TEST_TARGET_NAME = KatasFizzBuzz;
			};
			name = Debug;
		};
		640277CE2146A2A2008313BD /* Release */ = {
			isa = XCBuildConfiguration;
			buildSettings = {
				ALWAYS_EMBED_SWIFT_STANDARD_LIBRARIES = YES;
				CODE_SIGN_STYLE = Automatic;
				INFOPLIST_FILE = KatasFizzBuzzUITests/Info.plist;
				LD_RUNPATH_SEARCH_PATHS = (
					"$(inherited)",
					"@executable_path/Frameworks",
					"@loader_path/Frameworks",
				);
				PRODUCT_BUNDLE_IDENTIFIER = com.olbati.KatasFizzBuzzUITests;
				PRODUCT_NAME = "$(TARGET_NAME)";
				SWIFT_VERSION = 4.2;
				TARGETED_DEVICE_FAMILY = "1,2";
				TEST_TARGET_NAME = KatasFizzBuzz;
			};
			name = Release;
		};
/* End XCBuildConfiguration section */

/* Begin XCConfigurationList section */
		640277992146A29F008313BD /* Build configuration list for PBXProject "KatasFizzBuzz" */ = {
			isa = XCConfigurationList;
			buildConfigurations = (
				640277C42146A2A2008313BD /* Debug */,
				640277C52146A2A2008313BD /* Release */,
			);
			defaultConfigurationIsVisible = 0;
			defaultConfigurationName = Release;
		};
		640277C62146A2A2008313BD /* Build configuration list for PBXNativeTarget "KatasFizzBuzz" */ = {
			isa = XCConfigurationList;
			buildConfigurations = (
				640277C72146A2A2008313BD /* Debug */,
				640277C82146A2A2008313BD /* Release */,
			);
			defaultConfigurationIsVisible = 0;
			defaultConfigurationName = Release;
		};
		640277C92146A2A2008313BD /* Build configuration list for PBXNativeTarget "KatasFizzBuzzTests" */ = {
			isa = XCConfigurationList;
			buildConfigurations = (
				640277CA2146A2A2008313BD /* Debug */,
				640277CB2146A2A2008313BD /* Release */,
			);
			defaultConfigurationIsVisible = 0;
			defaultConfigurationName = Release;
		};
		640277CC2146A2A2008313BD /* Build configuration list for PBXNativeTarget "KatasFizzBuzzUITests" */ = {
			isa = XCConfigurationList;
			buildConfigurations = (
				640277CD2146A2A2008313BD /* Debug */,
				640277CE2146A2A2008313BD /* Release */,
			);
			defaultConfigurationIsVisible = 0;
			defaultConfigurationName = Release;
		};
/* End XCConfigurationList section */
	};
	rootObject = 640277962146A29F008313BD /* Project object */;
}
